
Microsoft Visual Studio Solution File, Format Version 12.00
# Visual Studio Version 17
VisualStudioVersion = 17.0.32014.148
MinimumVisualStudioVersion = 10.0.40219.1
Project("{9A19103F-16F7-4668-BE54-9A1E7A4F7556}") = "PersonProject", "PersonProject\PersonProject.csproj", "{A3693605-BE77-4D99-A916-3917AA4847D6}"
EndProject
Project("{FAE04EC0-301F-11D3-BF4B-00C04F79EFBC}") = "PersonProject.Tests", "UnitTest\PersonProject.Tests.csproj", "{A4D3DCDF-E1CD-41C0-B752-ED85A219D33C}"
EndProject
Global
	GlobalSection(SolutionConfigurationPlatforms) = preSolution
		Debug|Any CPU = Debug|Any CPU
		Release|Any CPU = Release|Any CPU
	EndGlobalSection
	GlobalSection(ProjectConfigurationPlatforms) = postSolution
		{A3693605-BE77-4D99-A916-3917AA4847D6}.Debug|Any CPU.ActiveCfg = Debug|Any CPU
		{A3693605-BE77-4D99-A916-3917AA4847D6}.Debug|Any CPU.Build.0 = Debug|Any CPU
		{A3693605-BE77-4D99-A916-3917AA4847D6}.Release|Any CPU.ActiveCfg = Release|Any CPU
		{A3693605-BE77-4D99-A916-3917AA4847D6}.Release|Any CPU.Build.0 = Release|Any CPU
		{A4D3DCDF-E1CD-41C0-B752-ED85A219D33C}.Debug|Any CPU.ActiveCfg = Debug|Any CPU
		{A4D3DCDF-E1CD-41C0-B752-ED85A219D33C}.Debug|Any CPU.Build.0 = Debug|Any CPU
		{A4D3DCDF-E1CD-41C0-B752-ED85A219D33C}.Release|Any CPU.ActiveCfg = Release|Any CPU
		{A4D3DCDF-E1CD-41C0-B752-ED85A219D33C}.Release|Any CPU.Build.0 = Release|Any CPU
	EndGlobalSection
	GlobalSection(SolutionProperties) = preSolution
		HideSolutionNode = FALSE
	EndGlobalSection
	GlobalSection(ExtensibilityGlobals) = postSolution
		SolutionGuid = {3480B5CF-0BE3-4945-918B-2CBB4EEEB8CA}
	EndGlobalSection
EndGlobal
